
Microsoft Visual Studio Solution File, Format Version 12.00
Project("{FAE04EC0-301F-11D3-BF4B-00C04F79EFBC}") = "TgAppCrates.Core", "TgAppCrates.Core\TgAppCrates.Core.csproj", "{8746CB19-5921-4AC4-AA02-0FA3565D11D6}"
EndProject
Project("{FAE04EC0-301F-11D3-BF4B-00C04F79EFBC}") = "TgAppCrates.DataAccess", "TgAppCrates.DataAccess\TgAppCrates.DataAccess.csproj", "{A30527C8-68C0-459A-9430-39B1251BD281}"
EndProject
Project("{FAE04EC0-301F-11D3-BF4B-00C04F79EFBC}") = "WebApplication1", "WebApplication1\WebApplication1.csproj", "{8D908257-71FA-4C77-A913-DE5649378AE3}"
EndProject
Global
	GlobalSection(SolutionConfigurationPlatforms) = preSolution
		Debug|Any CPU = Debug|Any CPU
		Release|Any CPU = Release|Any CPU
	EndGlobalSection
	GlobalSection(ProjectConfigurationPlatforms) = postSolution
		{8746CB19-5921-4AC4-AA02-0FA3565D11D6}.Debug|Any CPU.ActiveCfg = Debug|Any CPU
		{8746CB19-5921-4AC4-AA02-0FA3565D11D6}.Debug|Any CPU.Build.0 = Debug|Any CPU
		{8746CB19-5921-4AC4-AA02-0FA3565D11D6}.Release|Any CPU.ActiveCfg = Release|Any CPU
		{8746CB19-5921-4AC4-AA02-0FA3565D11D6}.Release|Any CPU.Build.0 = Release|Any CPU
		{A30527C8-68C0-459A-9430-39B1251BD281}.Debug|Any CPU.ActiveCfg = Debug|Any CPU
		{A30527C8-68C0-459A-9430-39B1251BD281}.Debug|Any CPU.Build.0 = Debug|Any CPU
		{A30527C8-68C0-459A-9430-39B1251BD281}.Release|Any CPU.ActiveCfg = Release|Any CPU
		{A30527C8-68C0-459A-9430-39B1251BD281}.Release|Any CPU.Build.0 = Release|Any CPU
		{8D908257-71FA-4C77-A913-DE5649378AE3}.Debug|Any CPU.ActiveCfg = Debug|Any CPU
		{8D908257-71FA-4C77-A913-DE5649378AE3}.Debug|Any CPU.Build.0 = Debug|Any CPU
		{8D908257-71FA-4C77-A913-DE5649378AE3}.Release|Any CPU.ActiveCfg = Release|Any CPU
		{8D908257-71FA-4C77-A913-DE5649378AE3}.Release|Any CPU.Build.0 = Release|Any CPU
	EndGlobalSection
EndGlobal
